
Microsoft Visual Studio Solution File, Format Version 12.00
# Visual Studio Version 16
VisualStudioVersion = 16.0.31321.278
MinimumVisualStudioVersion = 10.0.40219.1
Project("{FAE04EC0-301F-11D3-BF4B-00C04F79EFBC}") = "PrimeiroProjeto", "PrimeiroProjeto\PrimeiroProjeto.csproj", "{324A54AE-1F5B-4C79-B849-6BE34FF5A8E8}"
EndProject
Global
	GlobalSection(SolutionConfigurationPlatforms) = preSolution
		Debug|Any CPU = Debug|Any CPU
		Release|Any CPU = Release|Any CPU
	EndGlobalSection
	GlobalSection(ProjectConfigurationPlatforms) = postSolution
		{324A54AE-1F5B-4C79-B849-6BE34FF5A8E8}.Debug|Any CPU.ActiveCfg = Debug|Any CPU
		{324A54AE-1F5B-4C79-B849-6BE34FF5A8E8}.Debug|Any CPU.Build.0 = Debug|Any CPU
		{324A54AE-1F5B-4C79-B849-6BE34FF5A8E8}.Release|Any CPU.ActiveCfg = Release|Any CPU
		{324A54AE-1F5B-4C79-B849-6BE34FF5A8E8}.Release|Any CPU.Build.0 = Release|Any CPU
	EndGlobalSection
	GlobalSection(SolutionProperties) = preSolution
		HideSolutionNode = FALSE
	EndGlobalSection
	GlobalSection(ExtensibilityGlobals) = postSolution
		SolutionGuid = {65909AFC-F522-4067-9C82-94794EE2D7B1}
	EndGlobalSection
EndGlobal
